
Microsoft Visual Studio Solution File, Format Version 12.00
# Visual Studio 14
VisualStudioVersion = 14.0.23107.0
MinimumVisualStudioVersion = 10.0.40219.1
Project("{8BC9CEB8-8B4A-11D0-8D11-00A0C91BC942}") = "cores", "simavr.vcxproj", "{85F90567-F1CA-4A89-ABAE-E8A1A8626D8D}"
EndProject
Project("{8BC9CEB8-8B4A-11D0-8D11-00A0C91BC942}") = "vs-runavr", "vs-runavr\vs-runavr.vcxproj", "{BA942698-534B-4ED5-9D97-84E8FD94B24D}"
	ProjectSection(ProjectDependencies) = postProject
		{85F90567-F1CA-4A89-ABAE-E8A1A8626D8D} = {85F90567-F1CA-4A89-ABAE-E8A1A8626D8D}
	EndProjectSection
EndProject
Project("{8BC9CEB8-8B4A-11D0-8D11-00A0C91BC942}") = "visual-studio", "..\examples\visual-studio\visual-studio.vcxproj", "{8B33A485-1AB4-4A15-847D-35FF7FA3985D}"
	ProjectSection(ProjectDependencies) = postProject
		{85F90567-F1CA-4A89-ABAE-E8A1A8626D8D} = {85F90567-F1CA-4A89-ABAE-E8A1A8626D8D}
	EndProjectSection
EndProject
Global
	GlobalSection(SolutionConfigurationPlatforms) = preSolution
		Debug|x64 = Debug|x64
		Debug|x86 = Debug|x86
		Release|x64 = Release|x64
		Release|x86 = Release|x86
	EndGlobalSection
	GlobalSection(ProjectConfigurationPlatforms) = postSolution
		{85F90567-F1CA-4A89-ABAE-E8A1A8626D8D}.Debug|x64.ActiveCfg = Debug|x64
		{85F90567-F1CA-4A89-ABAE-E8A1A8626D8D}.Debug|x64.Build.0 = Debug|x64
		{85F90567-F1CA-4A89-ABAE-E8A1A8626D8D}.Debug|x86.ActiveCfg = Debug|Win32
		{85F90567-F1CA-4A89-ABAE-E8A1A8626D8D}.Debug|x86.Build.0 = Debug|Win32
		{85F90567-F1CA-4A89-ABAE-E8A1A8626D8D}.Release|x64.ActiveCfg = Release|x64
		{85F90567-F1CA-4A89-ABAE-E8A1A8626D8D}.Release|x64.Build.0 = Release|x64
		{85F90567-F1CA-4A89-ABAE-E8A1A8626D8D}.Release|x86.ActiveCfg = Release|Win32
		{85F90567-F1CA-4A89-ABAE-E8A1A8626D8D}.Release|x86.Build.0 = Release|Win32
		{BA942698-534B-4ED5-9D97-84E8FD94B24D}.Debug|x64.ActiveCfg = Debug|x64
		{BA942698-534B-4ED5-9D97-84E8FD94B24D}.Debug|x64.Build.0 = Debug|x64
		{BA942698-534B-4ED5-9D97-84E8FD94B24D}.Debug|x86.ActiveCfg = Debug|Win32
		{BA942698-534B-4ED5-9D97-84E8FD94B24D}.Debug|x86.Build.0 = Debug|Win32
		{BA942698-534B-4ED5-9D97-84E8FD94B24D}.Release|x64.ActiveCfg = Release|x64
		{BA942698-534B-4ED5-9D97-84E8FD94B24D}.Release|x64.Build.0 = Release|x64
		{BA942698-534B-4ED5-9D97-84E8FD94B24D}.Release|x86.ActiveCfg = Release|Win32
		{BA942698-534B-4ED5-9D97-84E8FD94B24D}.Release|x86.Build.0 = Release|Win32
		{8B33A485-1AB4-4A15-847D-35FF7FA3985D}.Debug|x64.ActiveCfg = Debug|x64
		{8B33A485-1AB4-4A15-847D-35FF7FA3985D}.Debug|x64.Build.0 = Debug|x64
		{8B33A485-1AB4-4A15-847D-35FF7FA3985D}.Debug|x86.ActiveCfg = Debug|Win32
		{8B33A485-1AB4-4A15-847D-35FF7FA3985D}.Debug|x86.Build.0 = Debug|Win32
		{8B33A485-1AB4-4A15-847D-35FF7FA3985D}.Release|x64.ActiveCfg = Release|x64
		{8B33A485-1AB4-4A15-847D-35FF7FA3985D}.Release|x64.Build.0 = Release|x64
		{8B33A485-1AB4-4A15-847D-35FF7FA3985D}.Release|x86.ActiveCfg = Release|Win32
		{8B33A485-1AB4-4A15-847D-35FF7FA3985D}.Release|x86.Build.0 = Release|Win32
	EndGlobalSection
	GlobalSection(SolutionProperties) = preSolution
		HideSolutionNode = FALSE
	EndGlobalSection
EndGlobal
